// !$*UTF8*$!
{
	archiveVersion = 1;
	classes = {
	};
	objectVersion = 56;
	objects = {

/* Begin PBXBuildFile section */
		190714862A8EFF8D004DAB04 /* GoogleService-Info.plist in Resources */ = {isa = PBXBuildFile; fileRef = 190714852A8EFF8D004DAB04 /* GoogleService-Info.plist */; };
		192A8B9C2A8B4214004F6302 /* EventProfileView.swift in Sources */ = {isa = PBXBuildFile; fileRef = 192A8B9B2A8B4214004F6302 /* EventProfileView.swift */; };
		192A8B9F2A8B4A1B004F6302 /* SettingsView.swift in Sources */ = {isa = PBXBuildFile; fileRef = 192A8B9E2A8B4A1B004F6302 /* SettingsView.swift */; };
		192A8BA22A8B5211004F6302 /* PastEventInGridView.swift in Sources */ = {isa = PBXBuildFile; fileRef = 192A8BA12A8B5211004F6302 /* PastEventInGridView.swift */; };
		192A8BA42A8B538C004F6302 /* TimeHelpers.swift in Sources */ = {isa = PBXBuildFile; fileRef = 192A8BA32A8B538C004F6302 /* TimeHelpers.swift */; };
		192A8BA82A8B556F004F6302 /* MyTimeStringModifier.swift in Sources */ = {isa = PBXBuildFile; fileRef = 192A8BA72A8B556F004F6302 /* MyTimeStringModifier.swift */; };
		192A8BAB2A8B5BE2004F6302 /* HorizontalEventGridView.swift in Sources */ = {isa = PBXBuildFile; fileRef = 192A8BAA2A8B5BE2004F6302 /* HorizontalEventGridView.swift */; };
		192A8BAF2A8C304E004F6302 /* EventDateDetailsView.swift in Sources */ = {isa = PBXBuildFile; fileRef = 192A8BAE2A8C304E004F6302 /* EventDateDetailsView.swift */; };
		192A8BB12A8C32C2004F6302 /* EventLocDetailsView.swift in Sources */ = {isa = PBXBuildFile; fileRef = 192A8BB02A8C32C2004F6302 /* EventLocDetailsView.swift */; };
		192A8BB62A8C3CE2004F6302 /* CustomDenets.swift in Sources */ = {isa = PBXBuildFile; fileRef = 192A8BB52A8C3CE2004F6302 /* CustomDenets.swift */; };
		192A8BB82A8C4205004F6302 /* EventChatDetailsView.swift in Sources */ = {isa = PBXBuildFile; fileRef = 192A8BB72A8C4205004F6302 /* EventChatDetailsView.swift */; };
		192A8BBB2A8C4820004F6302 /* AttendeesDetailsView.swift in Sources */ = {isa = PBXBuildFile; fileRef = 192A8BBA2A8C4820004F6302 /* AttendeesDetailsView.swift */; };
		192A8BBF2A8C8F48004F6302 /* TitleAndBodyView.swift in Sources */ = {isa = PBXBuildFile; fileRef = 192A8BBE2A8C8F48004F6302 /* TitleAndBodyView.swift */; };
		192A8BC22A8C957D004F6302 /* MembersDetailsView.swift in Sources */ = {isa = PBXBuildFile; fileRef = 192A8BC12A8C957D004F6302 /* MembersDetailsView.swift */; };
		19561A4E2A96F13700F2877A /* ChooseEventTypeView.swift in Sources */ = {isa = PBXBuildFile; fileRef = 19561A4D2A96F13700F2877A /* ChooseEventTypeView.swift */; };
		19561A502A96F1C600F2877A /* ChooseOrganizationView.swift in Sources */ = {isa = PBXBuildFile; fileRef = 19561A4F2A96F1C600F2877A /* ChooseOrganizationView.swift */; };
		19561A532A9718F600F2877A /* LocationPicker in Frameworks */ = {isa = PBXBuildFile; productRef = 19561A522A9718F600F2877A /* LocationPicker */; };
		19561A552A97194800F2877A /* MapPickerExampleView.swift in Sources */ = {isa = PBXBuildFile; fileRef = 19561A542A97194800F2877A /* MapPickerExampleView.swift */; };
		19561A572A971E8500F2877A /* MyLocationPicker.swift in Sources */ = {isa = PBXBuildFile; fileRef = 19561A562A971E8500F2877A /* MyLocationPicker.swift */; };
		195ED3382A961EE500F26568 /* PlainStyledListView.swift in Sources */ = {isa = PBXBuildFile; fileRef = 195ED3372A961EE500F26568 /* PlainStyledListView.swift */; };
		19613C582A91F70400280FDB /* MyDateFormaters.swift in Sources */ = {isa = PBXBuildFile; fileRef = 19613C572A91F70400280FDB /* MyDateFormaters.swift */; };
		19613C5D2A92EDA900280FDB /* DataRepository.swift in Sources */ = {isa = PBXBuildFile; fileRef = 19613C5C2A92EDA900280FDB /* DataRepository.swift */; };
		19613C602A93018B00280FDB /* FeedViewModel.swift in Sources */ = {isa = PBXBuildFile; fileRef = 19613C5F2A93018B00280FDB /* FeedViewModel.swift */; };
		19613C622A9399D400280FDB /* EventListView.swift in Sources */ = {isa = PBXBuildFile; fileRef = 19613C612A9399D400280FDB /* EventListView.swift */; };
		19613C642A941E5F00280FDB /* StyledScrollableFullScreenView.swift in Sources */ = {isa = PBXBuildFile; fileRef = 19613C632A941E5F00280FDB /* StyledScrollableFullScreenView.swift */; };
		19613C672A942A3200280FDB /* EventProfileViewModel.swift in Sources */ = {isa = PBXBuildFile; fileRef = 19613C662A942A3200280FDB /* EventProfileViewModel.swift */; };
		19613C692A942A4600280FDB /* UserProfileViewModel.swift in Sources */ = {isa = PBXBuildFile; fileRef = 19613C682A942A4600280FDB /* UserProfileViewModel.swift */; };
		19613C6B2A942A5400280FDB /* CommunityProfileViewModel.swift in Sources */ = {isa = PBXBuildFile; fileRef = 19613C6A2A942A5400280FDB /* CommunityProfileViewModel.swift */; };
		19613C6F2A94365200280FDB /* ListOfAttendeesView.swift in Sources */ = {isa = PBXBuildFile; fileRef = 19613C6E2A94365200280FDB /* ListOfAttendeesView.swift */; };
		19613C732A943F2800280FDB /* MapWithPinView.swift in Sources */ = {isa = PBXBuildFile; fileRef = 19613C722A943F2800280FDB /* MapWithPinView.swift */; };
		19613C792A9491CF00280FDB /* ViewExtensions.swift in Sources */ = {isa = PBXBuildFile; fileRef = 19613C782A9491CF00280FDB /* ViewExtensions.swift */; };
		19A29BF42A8F5DE60042D6A2 /* FirestoreManager.swift in Sources */ = {isa = PBXBuildFile; fileRef = 19A29BF32A8F5DE60042D6A2 /* FirestoreManager.swift */; };
		19A29BF62A8F60120042D6A2 /* CurrentUserViewModel.swift in Sources */ = {isa = PBXBuildFile; fileRef = 19A29BF52A8F60120042D6A2 /* CurrentUserViewModel.swift */; };
		19A29BF82A9071DC0042D6A2 /* UserDataModel.swift in Sources */ = {isa = PBXBuildFile; fileRef = 19A29BF72A9071DC0042D6A2 /* UserDataModel.swift */; };
		19A29BFA2A9072FA0042D6A2 /* ExploreViewModel.swift in Sources */ = {isa = PBXBuildFile; fileRef = 19A29BF92A9072FA0042D6A2 /* ExploreViewModel.swift */; };
		19A29BFC2A90822D0042D6A2 /* EventDataModel.swift in Sources */ = {isa = PBXBuildFile; fileRef = 19A29BFB2A90822D0042D6A2 /* EventDataModel.swift */; };
		19A29BFE2A9086B20042D6A2 /* CommunityDataModel.swift in Sources */ = {isa = PBXBuildFile; fileRef = 19A29BFD2A9086B20042D6A2 /* CommunityDataModel.swift */; };
		19A29C022A90BBB20042D6A2 /* LoginView.swift in Sources */ = {isa = PBXBuildFile; fileRef = 19A29C012A90BBB20042D6A2 /* LoginView.swift */; };
		19A29C062A90BBEF0042D6A2 /* SignUpView1.swift in Sources */ = {isa = PBXBuildFile; fileRef = 19A29C052A90BBEF0042D6A2 /* SignUpView1.swift */; };
		19A29C082A90BC210042D6A2 /* MyTextFieldModifier.swift in Sources */ = {isa = PBXBuildFile; fileRef = 19A29C072A90BC210042D6A2 /* MyTextFieldModifier.swift */; };
		19A29C0A2A90BC420042D6A2 /* SignUpView2.swift in Sources */ = {isa = PBXBuildFile; fileRef = 19A29C092A90BC420042D6A2 /* SignUpView2.swift */; };
		19A29C0C2A90BC5D0042D6A2 /* CompleteSignUpView.swift in Sources */ = {isa = PBXBuildFile; fileRef = 19A29C0B2A90BC5D0042D6A2 /* CompleteSignUpView.swift */; };
		19A29C102A90C8C70042D6A2 /* AuthService.swift in Sources */ = {isa = PBXBuildFile; fileRef = 19A29C0F2A90C8C70042D6A2 /* AuthService.swift */; };
		19A29C122A912E580042D6A2 /* RegistrationViewModel.swift in Sources */ = {isa = PBXBuildFile; fileRef = 19A29C112A912E580042D6A2 /* RegistrationViewModel.swift */; };
		19A29C142A912E6D0042D6A2 /* ContentViewModel.swift in Sources */ = {isa = PBXBuildFile; fileRef = 19A29C132A912E6D0042D6A2 /* ContentViewModel.swift */; };
		19B3C2FD2A8A9B8C00BEFB0E /* UniVibeApp.swift in Sources */ = {isa = PBXBuildFile; fileRef = 19B3C2FC2A8A9B8C00BEFB0E /* UniVibeApp.swift */; };
		19B3C2FF2A8A9B8C00BEFB0E /* ContentView.swift in Sources */ = {isa = PBXBuildFile; fileRef = 19B3C2FE2A8A9B8C00BEFB0E /* ContentView.swift */; };
		19B3C3012A8A9B8D00BEFB0E /* Assets.xcassets in Resources */ = {isa = PBXBuildFile; fileRef = 19B3C3002A8A9B8D00BEFB0E /* Assets.xcassets */; };
		19B3C3042A8A9B8D00BEFB0E /* Preview Assets.xcassets in Resources */ = {isa = PBXBuildFile; fileRef = 19B3C3032A8A9B8D00BEFB0E /* Preview Assets.xcassets */; };
		19B3C30C2A8A9BC200BEFB0E /* MainTabView.swift in Sources */ = {isa = PBXBuildFile; fileRef = 19B3C30B2A8A9BC200BEFB0E /* MainTabView.swift */; };
		19B3C3182A8A9EBC00BEFB0E /* HomeView.swift in Sources */ = {isa = PBXBuildFile; fileRef = 19B3C3172A8A9EBC00BEFB0E /* HomeView.swift */; };
		19B3C31A2A8A9EC600BEFB0E /* ExploreView.swift in Sources */ = {isa = PBXBuildFile; fileRef = 19B3C3192A8A9EC600BEFB0E /* ExploreView.swift */; };
		19B3C31C2A8A9ED600BEFB0E /* FeedView.swift in Sources */ = {isa = PBXBuildFile; fileRef = 19B3C31B2A8A9ED600BEFB0E /* FeedView.swift */; };
		19B3C31E2A8A9EE200BEFB0E /* ChatView.swift in Sources */ = {isa = PBXBuildFile; fileRef = 19B3C31D2A8A9EE200BEFB0E /* ChatView.swift */; };
		19B3C3202A8AA44100BEFB0E /* User.swift in Sources */ = {isa = PBXBuildFile; fileRef = 19B3C31F2A8AA44100BEFB0E /* User.swift */; };
		19B3C3242A8AA46900BEFB0E /* Community.swift in Sources */ = {isa = PBXBuildFile; fileRef = 19B3C3232A8AA46900BEFB0E /* Community.swift */; };
		19B3C3262A8AA47100BEFB0E /* Post.swift in Sources */ = {isa = PBXBuildFile; fileRef = 19B3C3252A8AA47100BEFB0E /* Post.swift */; };
		19B3C3282A8AA48C00BEFB0E /* Event.swift in Sources */ = {isa = PBXBuildFile; fileRef = 19B3C3272A8AA48C00BEFB0E /* Event.swift */; };
		19B3C32A2A8AD37200BEFB0E /* CurrentUserProfile.swift in Sources */ = {isa = PBXBuildFile; fileRef = 19B3C3292A8AD37200BEFB0E /* CurrentUserProfile.swift */; };
		19B3C3312A8AD54300BEFB0E /* ProfileStatView.swift in Sources */ = {isa = PBXBuildFile; fileRef = 19B3C3302A8AD54300BEFB0E /* ProfileStatView.swift */; };
		19B3C3342A8AD5B200BEFB0E /* EditProfileView.swift in Sources */ = {isa = PBXBuildFile; fileRef = 19B3C3332A8AD5B200BEFB0E /* EditProfileView.swift */; };
		19B3C3372A8AECD500BEFB0E /* SectionAndSelectionsView.swift in Sources */ = {isa = PBXBuildFile; fileRef = 19B3C3362A8AECD500BEFB0E /* SectionAndSelectionsView.swift */; };
		19B3C3392A8AF67E00BEFB0E /* CommunityInListView.swift in Sources */ = {isa = PBXBuildFile; fileRef = 19B3C3382A8AF67E00BEFB0E /* CommunityInListView.swift */; };
		19B3C33D2A8AF92C00BEFB0E /* CommunityListView.swift in Sources */ = {isa = PBXBuildFile; fileRef = 19B3C33C2A8AF92C00BEFB0E /* CommunityListView.swift */; };
		19B3C3402A8AFF0800BEFB0E /* CommunityProfileView.swift in Sources */ = {isa = PBXBuildFile; fileRef = 19B3C33F2A8AFF0800BEFB0E /* CommunityProfileView.swift */; };
		19B3C3422A8AFF1700BEFB0E /* UserProfileView.swift in Sources */ = {isa = PBXBuildFile; fileRef = 19B3C3412A8AFF1700BEFB0E /* UserProfileView.swift */; };
		19B3C3452A8AFF4E00BEFB0E /* MyNavigationLinkModifier.swift in Sources */ = {isa = PBXBuildFile; fileRef = 19B3C3442A8AFF4E00BEFB0E /* MyNavigationLinkModifier.swift */; };
		19B3C3472A8B1C2000BEFB0E /* EventInListView.swift in Sources */ = {isa = PBXBuildFile; fileRef = 19B3C3462A8B1C2000BEFB0E /* EventInListView.swift */; };
		19CC90DD2A91451100E98934 /* LoginViewModel.swift in Sources */ = {isa = PBXBuildFile; fileRef = 19CC90DC2A91451100E98934 /* LoginViewModel.swift */; };
		19CC90DF2A914B7000E98934 /* SignUpView3.swift in Sources */ = {isa = PBXBuildFile; fileRef = 19CC90DE2A914B7000E98934 /* SignUpView3.swift */; };
		19CC90E62A9158BE00E98934 /* SelectInterestsView.swift in Sources */ = {isa = PBXBuildFile; fileRef = 19CC90E52A9158BE00E98934 /* SelectInterestsView.swift */; };
		19CC90EB2A916ACB00E98934 /* SignUpView3Validator.swift in Sources */ = {isa = PBXBuildFile; fileRef = 19CC90EA2A916ACB00E98934 /* SignUpView3Validator.swift */; };
		19CC90ED2A916B7900E98934 /* SignUpView2Validator.swift in Sources */ = {isa = PBXBuildFile; fileRef = 19CC90EC2A916B7900E98934 /* SignUpView2Validator.swift */; };
		19CC90EF2A916D7F00E98934 /* SignUpView1Validator.swift in Sources */ = {isa = PBXBuildFile; fileRef = 19CC90EE2A916D7F00E98934 /* SignUpView1Validator.swift */; };
		19CC90F12A91702B00E98934 /* LoginViewValidator.swift in Sources */ = {isa = PBXBuildFile; fileRef = 19CC90F02A91702B00E98934 /* LoginViewValidator.swift */; };
		19CC90F32A9173A900E98934 /* LogoOnTopMiddleView.swift in Sources */ = {isa = PBXBuildFile; fileRef = 19CC90F22A9173A900E98934 /* LogoOnTopMiddleView.swift */; };
		19CC90F62A9178D100E98934 /* StringExtensions.swift in Sources */ = {isa = PBXBuildFile; fileRef = 19CC90F52A9178D100E98934 /* StringExtensions.swift */; };
		19CC90FA2A919BB900E98934 /* ActivityIndicatorModifier.swift in Sources */ = {isa = PBXBuildFile; fileRef = 19CC90F92A919BB900E98934 /* ActivityIndicatorModifier.swift */; };
		19D826242A8D42720052AECA /* UserInListView.swift in Sources */ = {isa = PBXBuildFile; fileRef = 19D826232A8D42720052AECA /* UserInListView.swift */; };
		19D826272A8D4A180052AECA /* SearchResultItemProtocol.swift in Sources */ = {isa = PBXBuildFile; fileRef = 19D826262A8D4A180052AECA /* SearchResultItemProtocol.swift */; };
		19D826292A8D5AFD0052AECA /* CreateEventView.swift in Sources */ = {isa = PBXBuildFile; fileRef = 19D826282A8D5AFD0052AECA /* CreateEventView.swift */; };
		19D8262C2A8E0DA70052AECA /* CampusMapView.swift in Sources */ = {isa = PBXBuildFile; fileRef = 19D8262B2A8E0DA70052AECA /* CampusMapView.swift */; };
		BD077965A21BE7587E831215 /* Pods_UniVibe.framework in Frameworks */ = {isa = PBXBuildFile; fileRef = 71A436BF225E800D8AB48ECC /* Pods_UniVibe.framework */; };
/* End PBXBuildFile section */

/* Begin PBXFileReference section */
		190714852A8EFF8D004DAB04 /* GoogleService-Info.plist */ = {isa = PBXFileReference; fileEncoding = 4; lastKnownFileType = text.plist.xml; path = "GoogleService-Info.plist"; sourceTree = "<group>"; };
		192A8B9B2A8B4214004F6302 /* EventProfileView.swift */ = {isa = PBXFileReference; lastKnownFileType = sourcecode.swift; path = EventProfileView.swift; sourceTree = "<group>"; };
		192A8B9E2A8B4A1B004F6302 /* SettingsView.swift */ = {isa = PBXFileReference; lastKnownFileType = sourcecode.swift; path = SettingsView.swift; sourceTree = "<group>"; };
		192A8BA12A8B5211004F6302 /* PastEventInGridView.swift */ = {isa = PBXFileReference; lastKnownFileType = sourcecode.swift; path = PastEventInGridView.swift; sourceTree = "<group>"; };
		192A8BA32A8B538C004F6302 /* TimeHelpers.swift */ = {isa = PBXFileReference; lastKnownFileType = sourcecode.swift; path = TimeHelpers.swift; sourceTree = "<group>"; };
		192A8BA72A8B556F004F6302 /* MyTimeStringModifier.swift */ = {isa = PBXFileReference; lastKnownFileType = sourcecode.swift; path = MyTimeStringModifier.swift; sourceTree = "<group>"; };
		192A8BAA2A8B5BE2004F6302 /* HorizontalEventGridView.swift */ = {isa = PBXFileReference; lastKnownFileType = sourcecode.swift; path = HorizontalEventGridView.swift; sourceTree = "<group>"; };
		192A8BAE2A8C304E004F6302 /* EventDateDetailsView.swift */ = {isa = PBXFileReference; lastKnownFileType = sourcecode.swift; path = EventDateDetailsView.swift; sourceTree = "<group>"; };
		192A8BB02A8C32C2004F6302 /* EventLocDetailsView.swift */ = {isa = PBXFileReference; lastKnownFileType = sourcecode.swift; path = EventLocDetailsView.swift; sourceTree = "<group>"; };
		192A8BB52A8C3CE2004F6302 /* CustomDenets.swift */ = {isa = PBXFileReference; lastKnownFileType = sourcecode.swift; path = CustomDenets.swift; sourceTree = "<group>"; };
		192A8BB72A8C4205004F6302 /* EventChatDetailsView.swift */ = {isa = PBXFileReference; lastKnownFileType = sourcecode.swift; path = EventChatDetailsView.swift; sourceTree = "<group>"; };
		192A8BBA2A8C4820004F6302 /* AttendeesDetailsView.swift */ = {isa = PBXFileReference; lastKnownFileType = sourcecode.swift; path = AttendeesDetailsView.swift; sourceTree = "<group>"; };
		192A8BBE2A8C8F48004F6302 /* TitleAndBodyView.swift */ = {isa = PBXFileReference; lastKnownFileType = sourcecode.swift; path = TitleAndBodyView.swift; sourceTree = "<group>"; };
		192A8BC12A8C957D004F6302 /* MembersDetailsView.swift */ = {isa = PBXFileReference; lastKnownFileType = sourcecode.swift; path = MembersDetailsView.swift; sourceTree = "<group>"; };
		19561A4D2A96F13700F2877A /* ChooseEventTypeView.swift */ = {isa = PBXFileReference; lastKnownFileType = sourcecode.swift; path = ChooseEventTypeView.swift; sourceTree = "<group>"; };
		19561A4F2A96F1C600F2877A /* ChooseOrganizationView.swift */ = {isa = PBXFileReference; lastKnownFileType = sourcecode.swift; path = ChooseOrganizationView.swift; sourceTree = "<group>"; };
		19561A542A97194800F2877A /* MapPickerExampleView.swift */ = {isa = PBXFileReference; lastKnownFileType = sourcecode.swift; path = MapPickerExampleView.swift; sourceTree = "<group>"; };
		19561A562A971E8500F2877A /* MyLocationPicker.swift */ = {isa = PBXFileReference; lastKnownFileType = sourcecode.swift; path = MyLocationPicker.swift; sourceTree = "<group>"; };
		195ED3372A961EE500F26568 /* PlainStyledListView.swift */ = {isa = PBXFileReference; lastKnownFileType = sourcecode.swift; path = PlainStyledListView.swift; sourceTree = "<group>"; };
		19613C572A91F70400280FDB /* MyDateFormaters.swift */ = {isa = PBXFileReference; lastKnownFileType = sourcecode.swift; path = MyDateFormaters.swift; sourceTree = "<group>"; };
		19613C5C2A92EDA900280FDB /* DataRepository.swift */ = {isa = PBXFileReference; lastKnownFileType = sourcecode.swift; path = DataRepository.swift; sourceTree = "<group>"; };
		19613C5F2A93018B00280FDB /* FeedViewModel.swift */ = {isa = PBXFileReference; lastKnownFileType = sourcecode.swift; path = FeedViewModel.swift; sourceTree = "<group>"; };
		19613C612A9399D400280FDB /* EventListView.swift */ = {isa = PBXFileReference; lastKnownFileType = sourcecode.swift; path = EventListView.swift; sourceTree = "<group>"; };
		19613C632A941E5F00280FDB /* StyledScrollableFullScreenView.swift */ = {isa = PBXFileReference; lastKnownFileType = sourcecode.swift; path = StyledScrollableFullScreenView.swift; sourceTree = "<group>"; };
		19613C662A942A3200280FDB /* EventProfileViewModel.swift */ = {isa = PBXFileReference; lastKnownFileType = sourcecode.swift; path = EventProfileViewModel.swift; sourceTree = "<group>"; };
		19613C682A942A4600280FDB /* UserProfileViewModel.swift */ = {isa = PBXFileReference; lastKnownFileType = sourcecode.swift; path = UserProfileViewModel.swift; sourceTree = "<group>"; };
		19613C6A2A942A5400280FDB /* CommunityProfileViewModel.swift */ = {isa = PBXFileReference; lastKnownFileType = sourcecode.swift; path = CommunityProfileViewModel.swift; sourceTree = "<group>"; };
		19613C6E2A94365200280FDB /* ListOfAttendeesView.swift */ = {isa = PBXFileReference; lastKnownFileType = sourcecode.swift; path = ListOfAttendeesView.swift; sourceTree = "<group>"; };
		19613C722A943F2800280FDB /* MapWithPinView.swift */ = {isa = PBXFileReference; lastKnownFileType = sourcecode.swift; path = MapWithPinView.swift; sourceTree = "<group>"; };
		19613C782A9491CF00280FDB /* ViewExtensions.swift */ = {isa = PBXFileReference; lastKnownFileType = sourcecode.swift; path = ViewExtensions.swift; sourceTree = "<group>"; };
		19A29BF32A8F5DE60042D6A2 /* FirestoreManager.swift */ = {isa = PBXFileReference; lastKnownFileType = sourcecode.swift; path = FirestoreManager.swift; sourceTree = "<group>"; };
		19A29BF52A8F60120042D6A2 /* CurrentUserViewModel.swift */ = {isa = PBXFileReference; lastKnownFileType = sourcecode.swift; path = CurrentUserViewModel.swift; sourceTree = "<group>"; };
		19A29BF72A9071DC0042D6A2 /* UserDataModel.swift */ = {isa = PBXFileReference; lastKnownFileType = sourcecode.swift; path = UserDataModel.swift; sourceTree = "<group>"; };
		19A29BF92A9072FA0042D6A2 /* ExploreViewModel.swift */ = {isa = PBXFileReference; lastKnownFileType = sourcecode.swift; path = ExploreViewModel.swift; sourceTree = "<group>"; };
		19A29BFB2A90822D0042D6A2 /* EventDataModel.swift */ = {isa = PBXFileReference; lastKnownFileType = sourcecode.swift; path = EventDataModel.swift; sourceTree = "<group>"; };
		19A29BFD2A9086B20042D6A2 /* CommunityDataModel.swift */ = {isa = PBXFileReference; lastKnownFileType = sourcecode.swift; path = CommunityDataModel.swift; sourceTree = "<group>"; };
		19A29C012A90BBB20042D6A2 /* LoginView.swift */ = {isa = PBXFileReference; lastKnownFileType = sourcecode.swift; path = LoginView.swift; sourceTree = "<group>"; };
		19A29C052A90BBEF0042D6A2 /* SignUpView1.swift */ = {isa = PBXFileReference; lastKnownFileType = sourcecode.swift; path = SignUpView1.swift; sourceTree = "<group>"; };
		19A29C072A90BC210042D6A2 /* MyTextFieldModifier.swift */ = {isa = PBXFileReference; lastKnownFileType = sourcecode.swift; path = MyTextFieldModifier.swift; sourceTree = "<group>"; };
		19A29C092A90BC420042D6A2 /* SignUpView2.swift */ = {isa = PBXFileReference; lastKnownFileType = sourcecode.swift; path = SignUpView2.swift; sourceTree = "<group>"; };
		19A29C0B2A90BC5D0042D6A2 /* CompleteSignUpView.swift */ = {isa = PBXFileReference; lastKnownFileType = sourcecode.swift; path = CompleteSignUpView.swift; sourceTree = "<group>"; };
		19A29C0F2A90C8C70042D6A2 /* AuthService.swift */ = {isa = PBXFileReference; lastKnownFileType = sourcecode.swift; path = AuthService.swift; sourceTree = "<group>"; };
		19A29C112A912E580042D6A2 /* RegistrationViewModel.swift */ = {isa = PBXFileReference; lastKnownFileType = sourcecode.swift; path = RegistrationViewModel.swift; sourceTree = "<group>"; };
		19A29C132A912E6D0042D6A2 /* ContentViewModel.swift */ = {isa = PBXFileReference; lastKnownFileType = sourcecode.swift; path = ContentViewModel.swift; sourceTree = "<group>"; };
		19B3C2F92A8A9B8C00BEFB0E /* UniVibe.app */ = {isa = PBXFileReference; explicitFileType = wrapper.application; includeInIndex = 0; path = UniVibe.app; sourceTree = BUILT_PRODUCTS_DIR; };
		19B3C2FC2A8A9B8C00BEFB0E /* UniVibeApp.swift */ = {isa = PBXFileReference; lastKnownFileType = sourcecode.swift; path = UniVibeApp.swift; sourceTree = "<group>"; };
		19B3C2FE2A8A9B8C00BEFB0E /* ContentView.swift */ = {isa = PBXFileReference; lastKnownFileType = sourcecode.swift; path = ContentView.swift; sourceTree = "<group>"; };
		19B3C3002A8A9B8D00BEFB0E /* Assets.xcassets */ = {isa = PBXFileReference; lastKnownFileType = folder.assetcatalog; path = Assets.xcassets; sourceTree = "<group>"; };
		19B3C3032A8A9B8D00BEFB0E /* Preview Assets.xcassets */ = {isa = PBXFileReference; lastKnownFileType = folder.assetcatalog; path = "Preview Assets.xcassets"; sourceTree = "<group>"; };
		19B3C30B2A8A9BC200BEFB0E /* MainTabView.swift */ = {isa = PBXFileReference; lastKnownFileType = sourcecode.swift; path = MainTabView.swift; sourceTree = "<group>"; };
		19B3C3172A8A9EBC00BEFB0E /* HomeView.swift */ = {isa = PBXFileReference; lastKnownFileType = sourcecode.swift; path = HomeView.swift; sourceTree = "<group>"; };
		19B3C3192A8A9EC600BEFB0E /* ExploreView.swift */ = {isa = PBXFileReference; lastKnownFileType = sourcecode.swift; path = ExploreView.swift; sourceTree = "<group>"; };
		19B3C31B2A8A9ED600BEFB0E /* FeedView.swift */ = {isa = PBXFileReference; lastKnownFileType = sourcecode.swift; path = FeedView.swift; sourceTree = "<group>"; };
		19B3C31D2A8A9EE200BEFB0E /* ChatView.swift */ = {isa = PBXFileReference; lastKnownFileType = sourcecode.swift; path = ChatView.swift; sourceTree = "<group>"; };
		19B3C31F2A8AA44100BEFB0E /* User.swift */ = {isa = PBXFileReference; lastKnownFileType = sourcecode.swift; path = User.swift; sourceTree = "<group>"; };
		19B3C3232A8AA46900BEFB0E /* Community.swift */ = {isa = PBXFileReference; lastKnownFileType = sourcecode.swift; path = Community.swift; sourceTree = "<group>"; };
		19B3C3252A8AA47100BEFB0E /* Post.swift */ = {isa = PBXFileReference; lastKnownFileType = sourcecode.swift; path = Post.swift; sourceTree = "<group>"; };
		19B3C3272A8AA48C00BEFB0E /* Event.swift */ = {isa = PBXFileReference; lastKnownFileType = sourcecode.swift; path = Event.swift; sourceTree = "<group>"; };
		19B3C3292A8AD37200BEFB0E /* CurrentUserProfile.swift */ = {isa = PBXFileReference; lastKnownFileType = sourcecode.swift; path = CurrentUserProfile.swift; sourceTree = "<group>"; };
		19B3C3302A8AD54300BEFB0E /* ProfileStatView.swift */ = {isa = PBXFileReference; lastKnownFileType = sourcecode.swift; path = ProfileStatView.swift; sourceTree = "<group>"; };
		19B3C3332A8AD5B200BEFB0E /* EditProfileView.swift */ = {isa = PBXFileReference; lastKnownFileType = sourcecode.swift; path = EditProfileView.swift; sourceTree = "<group>"; };
		19B3C3362A8AECD500BEFB0E /* SectionAndSelectionsView.swift */ = {isa = PBXFileReference; lastKnownFileType = sourcecode.swift; path = SectionAndSelectionsView.swift; sourceTree = "<group>"; };
		19B3C3382A8AF67E00BEFB0E /* CommunityInListView.swift */ = {isa = PBXFileReference; lastKnownFileType = sourcecode.swift; path = CommunityInListView.swift; sourceTree = "<group>"; };
		19B3C33C2A8AF92C00BEFB0E /* CommunityListView.swift */ = {isa = PBXFileReference; lastKnownFileType = sourcecode.swift; path = CommunityListView.swift; sourceTree = "<group>"; };
		19B3C33F2A8AFF0800BEFB0E /* CommunityProfileView.swift */ = {isa = PBXFileReference; lastKnownFileType = sourcecode.swift; path = CommunityProfileView.swift; sourceTree = "<group>"; };
		19B3C3412A8AFF1700BEFB0E /* UserProfileView.swift */ = {isa = PBXFileReference; lastKnownFileType = sourcecode.swift; path = UserProfileView.swift; sourceTree = "<group>"; };
		19B3C3442A8AFF4E00BEFB0E /* MyNavigationLinkModifier.swift */ = {isa = PBXFileReference; lastKnownFileType = sourcecode.swift; path = MyNavigationLinkModifier.swift; sourceTree = "<group>"; };
		19B3C3462A8B1C2000BEFB0E /* EventInListView.swift */ = {isa = PBXFileReference; lastKnownFileType = sourcecode.swift; path = EventInListView.swift; sourceTree = "<group>"; };
		19CC90DC2A91451100E98934 /* LoginViewModel.swift */ = {isa = PBXFileReference; lastKnownFileType = sourcecode.swift; path = LoginViewModel.swift; sourceTree = "<group>"; };
		19CC90DE2A914B7000E98934 /* SignUpView3.swift */ = {isa = PBXFileReference; lastKnownFileType = sourcecode.swift; path = SignUpView3.swift; sourceTree = "<group>"; };
		19CC90E52A9158BE00E98934 /* SelectInterestsView.swift */ = {isa = PBXFileReference; lastKnownFileType = sourcecode.swift; path = SelectInterestsView.swift; sourceTree = "<group>"; };
		19CC90EA2A916ACB00E98934 /* SignUpView3Validator.swift */ = {isa = PBXFileReference; lastKnownFileType = sourcecode.swift; path = SignUpView3Validator.swift; sourceTree = "<group>"; };
		19CC90EC2A916B7900E98934 /* SignUpView2Validator.swift */ = {isa = PBXFileReference; lastKnownFileType = sourcecode.swift; path = SignUpView2Validator.swift; sourceTree = "<group>"; };
		19CC90EE2A916D7F00E98934 /* SignUpView1Validator.swift */ = {isa = PBXFileReference; lastKnownFileType = sourcecode.swift; path = SignUpView1Validator.swift; sourceTree = "<group>"; };
		19CC90F02A91702B00E98934 /* LoginViewValidator.swift */ = {isa = PBXFileReference; lastKnownFileType = sourcecode.swift; path = LoginViewValidator.swift; sourceTree = "<group>"; };
		19CC90F22A9173A900E98934 /* LogoOnTopMiddleView.swift */ = {isa = PBXFileReference; lastKnownFileType = sourcecode.swift; path = LogoOnTopMiddleView.swift; sourceTree = "<group>"; };
		19CC90F52A9178D100E98934 /* StringExtensions.swift */ = {isa = PBXFileReference; lastKnownFileType = sourcecode.swift; path = StringExtensions.swift; sourceTree = "<group>"; };
		19CC90F92A919BB900E98934 /* ActivityIndicatorModifier.swift */ = {isa = PBXFileReference; lastKnownFileType = sourcecode.swift; path = ActivityIndicatorModifier.swift; sourceTree = "<group>"; };
		19D826232A8D42720052AECA /* UserInListView.swift */ = {isa = PBXFileReference; lastKnownFileType = sourcecode.swift; path = UserInListView.swift; sourceTree = "<group>"; };
		19D826262A8D4A180052AECA /* SearchResultItemProtocol.swift */ = {isa = PBXFileReference; lastKnownFileType = sourcecode.swift; path = SearchResultItemProtocol.swift; sourceTree = "<group>"; };
		19D826282A8D5AFD0052AECA /* CreateEventView.swift */ = {isa = PBXFileReference; lastKnownFileType = sourcecode.swift; path = CreateEventView.swift; sourceTree = "<group>"; };
		19D8262B2A8E0DA70052AECA /* CampusMapView.swift */ = {isa = PBXFileReference; lastKnownFileType = sourcecode.swift; path = CampusMapView.swift; sourceTree = "<group>"; };
		543313CC4B7DE60A99E04EA4 /* Pods-UniVibe.release.xcconfig */ = {isa = PBXFileReference; includeInIndex = 1; lastKnownFileType = text.xcconfig; name = "Pods-UniVibe.release.xcconfig"; path = "Target Support Files/Pods-UniVibe/Pods-UniVibe.release.xcconfig"; sourceTree = "<group>"; };
		71A436BF225E800D8AB48ECC /* Pods_UniVibe.framework */ = {isa = PBXFileReference; explicitFileType = wrapper.framework; includeInIndex = 0; path = Pods_UniVibe.framework; sourceTree = BUILT_PRODUCTS_DIR; };
		F14FEC1EFA044D15086D3156 /* Pods-UniVibe.debug.xcconfig */ = {isa = PBXFileReference; includeInIndex = 1; lastKnownFileType = text.xcconfig; name = "Pods-UniVibe.debug.xcconfig"; path = "Target Support Files/Pods-UniVibe/Pods-UniVibe.debug.xcconfig"; sourceTree = "<group>"; };
/* End PBXFileReference section */

/* Begin PBXFrameworksBuildPhase section */
		19B3C2F62A8A9B8C00BEFB0E /* Frameworks */ = {
			isa = PBXFrameworksBuildPhase;
			buildActionMask = 2147483647;
			files = (
				BD077965A21BE7587E831215 /* Pods_UniVibe.framework in Frameworks */,
				19561A532A9718F600F2877A /* LocationPicker in Frameworks */,
			);
			runOnlyForDeploymentPostprocessing = 0;
		};
/* End PBXFrameworksBuildPhase section */

/* Begin PBXGroup section */
		192A8B9D2A8B4A0C004F6302 /* Settings */ = {
			isa = PBXGroup;
			children = (
				192A8B9E2A8B4A1B004F6302 /* SettingsView.swift */,
			);
			path = Settings;
			sourceTree = "<group>";
		};
		192A8BA02A8B51EA004F6302 /* InHorizontalList */ = {
			isa = PBXGroup;
			children = (
				192A8BA12A8B5211004F6302 /* PastEventInGridView.swift */,
			);
			path = InHorizontalList;
			sourceTree = "<group>";
		};
		192A8BA92A8B5BCA004F6302 /* HorizontalList */ = {
			isa = PBXGroup;
			children = (
				192A8BAA2A8B5BE2004F6302 /* HorizontalEventGridView.swift */,
			);
			path = HorizontalList;
			sourceTree = "<group>";
		};
		192A8BB22A8C3C5C004F6302 /* CustomDetents */ = {
			isa = PBXGroup;
			children = (
				192A8BB52A8C3CE2004F6302 /* CustomDenets.swift */,
			);
			path = CustomDetents;
			sourceTree = "<group>";
		};
		192A8BB92A8C47F6004F6302 /* Event */ = {
			isa = PBXGroup;
			children = (
				192A8BAE2A8C304E004F6302 /* EventDateDetailsView.swift */,
				192A8BB02A8C32C2004F6302 /* EventLocDetailsView.swift */,
				192A8BB72A8C4205004F6302 /* EventChatDetailsView.swift */,
				192A8BBA2A8C4820004F6302 /* AttendeesDetailsView.swift */,
			);
			path = Event;
			sourceTree = "<group>";
		};
		192A8BC02A8C9422004F6302 /* Community */ = {
			isa = PBXGroup;
			children = (
				192A8BC12A8C957D004F6302 /* MembersDetailsView.swift */,
			);
			path = Community;
			sourceTree = "<group>";
		};
		19561A4C2A96F10C00F2877A /* EventCreation */ = {
			isa = PBXGroup;
			children = (
				19D826282A8D5AFD0052AECA /* CreateEventView.swift */,
				19561A4D2A96F13700F2877A /* ChooseEventTypeView.swift */,
				19561A4F2A96F1C600F2877A /* ChooseOrganizationView.swift */,
			);
			path = EventCreation;
			sourceTree = "<group>";
		};
		19613C562A91F6F000280FDB /* Utilities */ = {
			isa = PBXGroup;
			children = (
				19613C572A91F70400280FDB /* MyDateFormaters.swift */,
			);
			path = Utilities;
			sourceTree = "<group>";
		};
		19613C5B2A92ED8000280FDB /* DataThings */ = {
			isa = PBXGroup;
			children = (
				19613C5C2A92EDA900280FDB /* DataRepository.swift */,
				19A29BF22A8F5DAC0042D6A2 /* FirebaseThings */,
			);
			path = DataThings;
			sourceTree = "<group>";
		};
		19613C652A942A1600280FDB /* Profile */ = {
			isa = PBXGroup;
			children = (
				19A29BF52A8F60120042D6A2 /* CurrentUserViewModel.swift */,
				19613C682A942A4600280FDB /* UserProfileViewModel.swift */,
				19613C662A942A3200280FDB /* EventProfileViewModel.swift */,
				19613C6A2A942A5400280FDB /* CommunityProfileViewModel.swift */,
			);
			path = Profile;
			sourceTree = "<group>";
		};
		19613C6C2A9435C000280FDB /* FullScreenViews */ = {
			isa = PBXGroup;
			children = (
				19613C702A94369B00280FDB /* Templates */,
				19613C6D2A94362C00280FDB /* NavigatableLists */,
				19B3C33E2A8AFEEF00BEFB0E /* ProfileViews */,
			);
			path = FullScreenViews;
			sourceTree = "<group>";
		};
		19613C6D2A94362C00280FDB /* NavigatableLists */ = {
			isa = PBXGroup;
			children = (
				19613C6E2A94365200280FDB /* ListOfAttendeesView.swift */,
			);
			path = NavigatableLists;
			sourceTree = "<group>";
		};
		19613C702A94369B00280FDB /* Templates */ = {
			isa = PBXGroup;
			children = (
				19CC90E52A9158BE00E98934 /* SelectInterestsView.swift */,
				19613C632A941E5F00280FDB /* StyledScrollableFullScreenView.swift */,
				195ED3372A961EE500F26568 /* PlainStyledListView.swift */,
			);
			path = Templates;
			sourceTree = "<group>";
		};
		19613C712A943F1800280FDB /* Maps */ = {
			isa = PBXGroup;
			children = (
				19613C722A943F2800280FDB /* MapWithPinView.swift */,
				19561A542A97194800F2877A /* MapPickerExampleView.swift */,
				19561A562A971E8500F2877A /* MyLocationPicker.swift */,
			);
			path = Maps;
			sourceTree = "<group>";
		};
		19A29BF22A8F5DAC0042D6A2 /* FirebaseThings */ = {
			isa = PBXGroup;
			children = (
				19A29BF32A8F5DE60042D6A2 /* FirestoreManager.swift */,
				19A29BF72A9071DC0042D6A2 /* UserDataModel.swift */,
				19A29BFB2A90822D0042D6A2 /* EventDataModel.swift */,
				19A29BFD2A9086B20042D6A2 /* CommunityDataModel.swift */,
			);
			path = FirebaseThings;
			sourceTree = "<group>";
		};
		19A29BFF2A90B92D0042D6A2 /* Authentication */ = {
			isa = PBXGroup;
			children = (
				19A29C0E2A90C8AE0042D6A2 /* Service */,
				19A29C0D2A90C8A70042D6A2 /* View */,
			);
			path = Authentication;
			sourceTree = "<group>";
		};
		19A29C0D2A90C8A70042D6A2 /* View */ = {
			isa = PBXGroup;
			children = (
				19CC90E22A91585800E98934 /* PersonalizeProfileView */,
				19A29C012A90BBB20042D6A2 /* LoginView.swift */,
				19A29C052A90BBEF0042D6A2 /* SignUpView1.swift */,
				19A29C092A90BC420042D6A2 /* SignUpView2.swift */,
				19CC90DE2A914B7000E98934 /* SignUpView3.swift */,
				19A29C0B2A90BC5D0042D6A2 /* CompleteSignUpView.swift */,
			);
			path = View;
			sourceTree = "<group>";
		};
		19A29C0E2A90C8AE0042D6A2 /* Service */ = {
			isa = PBXGroup;
			children = (
				19A29C0F2A90C8C70042D6A2 /* AuthService.swift */,
			);
			path = Service;
			sourceTree = "<group>";
		};
		19B3C2F02A8A9B8C00BEFB0E = {
			isa = PBXGroup;
			children = (
				19B3C2FB2A8A9B8C00BEFB0E /* UniVibe */,
				19B3C2FA2A8A9B8C00BEFB0E /* Products */,
				4C2FBCCA1FEE584D3D3F1DE8 /* Pods */,
				C8D03F640ABB43FBD97C4BD8 /* Frameworks */,
			);
			sourceTree = "<group>";
		};
		19B3C2FA2A8A9B8C00BEFB0E /* Products */ = {
			isa = PBXGroup;
			children = (
				19B3C2F92A8A9B8C00BEFB0E /* UniVibe.app */,
			);
			name = Products;
			sourceTree = "<group>";
		};
		19B3C2FB2A8A9B8C00BEFB0E /* UniVibe */ = {
			isa = PBXGroup;
			children = (
				19613C562A91F6F000280FDB /* Utilities */,
				19CC90F42A9178BE00E98934 /* Extensions */,
				19A29BFF2A90B92D0042D6A2 /* Authentication */,
				190714852A8EFF8D004DAB04 /* GoogleService-Info.plist */,
				192A8BB22A8C3C5C004F6302 /* CustomDetents */,
				19B3C3432A8AFF4100BEFB0E /* Modifiers */,
				19613C5B2A92ED8000280FDB /* DataThings */,
				19B3C32E2A8AD51100BEFB0E /* Components */,
				19613C6C2A9435C000280FDB /* FullScreenViews */,
				19B3C3212A8AA44500BEFB0E /* Scripts */,
				19B3C30D2A8A9C2700BEFB0E /* MainTab */,
				19B3C2FC2A8A9B8C00BEFB0E /* UniVibeApp.swift */,
				19B3C2FE2A8A9B8C00BEFB0E /* ContentView.swift */,
				19B3C3002A8A9B8D00BEFB0E /* Assets.xcassets */,
				19B3C3022A8A9B8D00BEFB0E /* Preview Content */,
			);
			path = UniVibe;
			sourceTree = "<group>";
		};
		19B3C3022A8A9B8D00BEFB0E /* Preview Content */ = {
			isa = PBXGroup;
			children = (
				19B3C3032A8A9B8D00BEFB0E /* Preview Assets.xcassets */,
			);
			path = "Preview Content";
			sourceTree = "<group>";
		};
		19B3C30D2A8A9C2700BEFB0E /* MainTab */ = {
			isa = PBXGroup;
			children = (
				19B3C30B2A8A9BC200BEFB0E /* MainTabView.swift */,
				19B3C30E2A8A9C5100BEFB0E /* Home */,
				19B3C3122A8A9CD600BEFB0E /* Explore */,
				19D8262A2A8E0D9B0052AECA /* CampusMap */,
				19B3C30F2A8A9C6B00BEFB0E /* Feed */,
				19B3C3132A8A9D0400BEFB0E /* Chat */,
			);
			path = MainTab;
			sourceTree = "<group>";
		};
		19B3C30E2A8A9C5100BEFB0E /* Home */ = {
			isa = PBXGroup;
			children = (
				19B3C3172A8A9EBC00BEFB0E /* HomeView.swift */,
				19561A4C2A96F10C00F2877A /* EventCreation */,
				19B3C3352A8AD5CC00BEFB0E /* CurrentUser */,
			);
			path = Home;
			sourceTree = "<group>";
		};
		19B3C30F2A8A9C6B00BEFB0E /* Feed */ = {
			isa = PBXGroup;
			children = (
				19B3C31B2A8A9ED600BEFB0E /* FeedView.swift */,
			);
			path = Feed;
			sourceTree = "<group>";
		};
		19B3C3102A8A9C8700BEFB0E /* Community */ = {
			isa = PBXGroup;
			children = (
			);
			path = Community;
			sourceTree = "<group>";
		};
		19B3C3122A8A9CD600BEFB0E /* Explore */ = {
			isa = PBXGroup;
			children = (
				19B3C3192A8A9EC600BEFB0E /* ExploreView.swift */,
				19B3C3162A8A9DB600BEFB0E /* Person */,
				19B3C3102A8A9C8700BEFB0E /* Community */,
			);
			path = Explore;
			sourceTree = "<group>";
		};
		19B3C3132A8A9D0400BEFB0E /* Chat */ = {
			isa = PBXGroup;
			children = (
				19B3C31D2A8A9EE200BEFB0E /* ChatView.swift */,
				19B3C3152A8A9D5B00BEFB0E /* Event Chat */,
				19B3C3142A8A9D4D00BEFB0E /* Direct Messages */,
			);
			path = Chat;
			sourceTree = "<group>";
		};
		19B3C3142A8A9D4D00BEFB0E /* Direct Messages */ = {
			isa = PBXGroup;
			children = (
			);
			path = "Direct Messages";
			sourceTree = "<group>";
		};
		19B3C3152A8A9D5B00BEFB0E /* Event Chat */ = {
			isa = PBXGroup;
			children = (
			);
			path = "Event Chat";
			sourceTree = "<group>";
		};
		19B3C3162A8A9DB600BEFB0E /* Person */ = {
			isa = PBXGroup;
			children = (
			);
			path = Person;
			sourceTree = "<group>";
		};
		19B3C3212A8AA44500BEFB0E /* Scripts */ = {
			isa = PBXGroup;
			children = (
				19E20EF02A8E80A4008C97F6 /* ViewModels */,
				19D826252A8D49FD0052AECA /* Protocols */,
				19B3C3222A8AA45400BEFB0E /* Objects */,
				192A8BA32A8B538C004F6302 /* TimeHelpers.swift */,
			);
			path = Scripts;
			sourceTree = "<group>";
		};
		19B3C3222A8AA45400BEFB0E /* Objects */ = {
			isa = PBXGroup;
			children = (
				19B3C31F2A8AA44100BEFB0E /* User.swift */,
				19B3C3232A8AA46900BEFB0E /* Community.swift */,
				19B3C3252A8AA47100BEFB0E /* Post.swift */,
				19B3C3272A8AA48C00BEFB0E /* Event.swift */,
			);
			path = Objects;
			sourceTree = "<group>";
		};
		19B3C32E2A8AD51100BEFB0E /* Components */ = {
			isa = PBXGroup;
			children = (
				19613C712A943F1800280FDB /* Maps */,
				192A8BA92A8B5BCA004F6302 /* HorizontalList */,
				192A8BA02A8B51EA004F6302 /* InHorizontalList */,
				19B3C33B2A8AF90500BEFB0E /* VerticalList */,
				19B3C33A2A8AF8FA00BEFB0E /* InVerticalList */,
				19B3C32F2A8AD51B00BEFB0E /* Profile */,
				19CC90F22A9173A900E98934 /* LogoOnTopMiddleView.swift */,
			);
			path = Components;
			sourceTree = "<group>";
		};
		19B3C32F2A8AD51B00BEFB0E /* Profile */ = {
			isa = PBXGroup;
			children = (
				19B3C3302A8AD54300BEFB0E /* ProfileStatView.swift */,
				19B3C3362A8AECD500BEFB0E /* SectionAndSelectionsView.swift */,
				192A8BBE2A8C8F48004F6302 /* TitleAndBodyView.swift */,
				192A8BC02A8C9422004F6302 /* Community */,
				192A8BB92A8C47F6004F6302 /* Event */,
			);
			path = Profile;
			sourceTree = "<group>";
		};
		19B3C3352A8AD5CC00BEFB0E /* CurrentUser */ = {
			isa = PBXGroup;
			children = (
				19B3C3292A8AD37200BEFB0E /* CurrentUserProfile.swift */,
				19B3C3332A8AD5B200BEFB0E /* EditProfileView.swift */,
				192A8B9D2A8B4A0C004F6302 /* Settings */,
			);
			path = CurrentUser;
			sourceTree = "<group>";
		};
		19B3C33A2A8AF8FA00BEFB0E /* InVerticalList */ = {
			isa = PBXGroup;
			children = (
				19B3C3382A8AF67E00BEFB0E /* CommunityInListView.swift */,
				19B3C3462A8B1C2000BEFB0E /* EventInListView.swift */,
				19D826232A8D42720052AECA /* UserInListView.swift */,
			);
			path = InVerticalList;
			sourceTree = "<group>";
		};
		19B3C33B2A8AF90500BEFB0E /* VerticalList */ = {
			isa = PBXGroup;
			children = (
				19B3C33C2A8AF92C00BEFB0E /* CommunityListView.swift */,
				19613C612A9399D400280FDB /* EventListView.swift */,
			);
			path = VerticalList;
			sourceTree = "<group>";
		};
		19B3C33E2A8AFEEF00BEFB0E /* ProfileViews */ = {
			isa = PBXGroup;
			children = (
				19B3C33F2A8AFF0800BEFB0E /* CommunityProfileView.swift */,
				19B3C3412A8AFF1700BEFB0E /* UserProfileView.swift */,
				192A8B9B2A8B4214004F6302 /* EventProfileView.swift */,
			);
			path = ProfileViews;
			sourceTree = "<group>";
		};
		19B3C3432A8AFF4100BEFB0E /* Modifiers */ = {
			isa = PBXGroup;
			children = (
				19B3C3442A8AFF4E00BEFB0E /* MyNavigationLinkModifier.swift */,
				192A8BA72A8B556F004F6302 /* MyTimeStringModifier.swift */,
				19A29C072A90BC210042D6A2 /* MyTextFieldModifier.swift */,
				19CC90F92A919BB900E98934 /* ActivityIndicatorModifier.swift */,
			);
			path = Modifiers;
			sourceTree = "<group>";
		};
		19CC90E22A91585800E98934 /* PersonalizeProfileView */ = {
			isa = PBXGroup;
			children = (
			);
			path = PersonalizeProfileView;
			sourceTree = "<group>";
		};
		19CC90E72A916A7000E98934 /* FormValidation */ = {
			isa = PBXGroup;
			children = (
				19CC90F02A91702B00E98934 /* LoginViewValidator.swift */,
				19CC90EE2A916D7F00E98934 /* SignUpView1Validator.swift */,
				19CC90EC2A916B7900E98934 /* SignUpView2Validator.swift */,
				19CC90EA2A916ACB00E98934 /* SignUpView3Validator.swift */,
			);
			path = FormValidation;
			sourceTree = "<group>";
		};
		19CC90F42A9178BE00E98934 /* Extensions */ = {
			isa = PBXGroup;
			children = (
				19CC90F52A9178D100E98934 /* StringExtensions.swift */,
				19613C782A9491CF00280FDB /* ViewExtensions.swift */,
			);
			path = Extensions;
			sourceTree = "<group>";
		};
		19D826252A8D49FD0052AECA /* Protocols */ = {
			isa = PBXGroup;
			children = (
				19D826262A8D4A180052AECA /* SearchResultItemProtocol.swift */,
			);
			path = Protocols;
			sourceTree = "<group>";
		};
		19D8262A2A8E0D9B0052AECA /* CampusMap */ = {
			isa = PBXGroup;
			children = (
				19D8262B2A8E0DA70052AECA /* CampusMapView.swift */,
			);
			path = CampusMap;
			sourceTree = "<group>";
		};
		19E20EF02A8E80A4008C97F6 /* ViewModels */ = {
			isa = PBXGroup;
			children = (
				19613C652A942A1600280FDB /* Profile */,
				19A29C132A912E6D0042D6A2 /* ContentViewModel.swift */,
				19A29BF92A9072FA0042D6A2 /* ExploreViewModel.swift */,
				19A29C112A912E580042D6A2 /* RegistrationViewModel.swift */,
				19CC90DC2A91451100E98934 /* LoginViewModel.swift */,
				19613C5F2A93018B00280FDB /* FeedViewModel.swift */,
				19CC90E72A916A7000E98934 /* FormValidation */,
			);
			path = ViewModels;
			sourceTree = "<group>";
		};
		4C2FBCCA1FEE584D3D3F1DE8 /* Pods */ = {
			isa = PBXGroup;
			children = (
				F14FEC1EFA044D15086D3156 /* Pods-UniVibe.debug.xcconfig */,
				543313CC4B7DE60A99E04EA4 /* Pods-UniVibe.release.xcconfig */,
			);
			path = Pods;
			sourceTree = "<group>";
		};
		C8D03F640ABB43FBD97C4BD8 /* Frameworks */ = {
			isa = PBXGroup;
			children = (
				71A436BF225E800D8AB48ECC /* Pods_UniVibe.framework */,
			);
			name = Frameworks;
			sourceTree = "<group>";
		};
/* End PBXGroup section */

/* Begin PBXNativeTarget section */
		19B3C2F82A8A9B8C00BEFB0E /* UniVibe */ = {
			isa = PBXNativeTarget;
			buildConfigurationList = 19B3C3072A8A9B8D00BEFB0E /* Build configuration list for PBXNativeTarget "UniVibe" */;
			buildPhases = (
				CEC3819699CE9D080CED9E13 /* [CP] Check Pods Manifest.lock */,
				19B3C2F52A8A9B8C00BEFB0E /* Sources */,
				19B3C2F62A8A9B8C00BEFB0E /* Frameworks */,
				19B3C2F72A8A9B8C00BEFB0E /* Resources */,
				5D1CD0A2298DF8F55E786D95 /* [CP] Embed Pods Frameworks */,
			);
			buildRules = (
			);
			dependencies = (
			);
			name = UniVibe;
			packageProductDependencies = (
				19561A522A9718F600F2877A /* LocationPicker */,
			);
			productName = UniVibe;
			productReference = 19B3C2F92A8A9B8C00BEFB0E /* UniVibe.app */;
			productType = "com.apple.product-type.application";
		};
/* End PBXNativeTarget section */

/* Begin PBXProject section */
		19B3C2F12A8A9B8C00BEFB0E /* Project object */ = {
			isa = PBXProject;
			attributes = {
				BuildIndependentTargetsInParallel = 1;
				LastSwiftUpdateCheck = 1430;
				LastUpgradeCheck = 1430;
				TargetAttributes = {
					19B3C2F82A8A9B8C00BEFB0E = {
						CreatedOnToolsVersion = 14.3;
					};
				};
			};
			buildConfigurationList = 19B3C2F42A8A9B8C00BEFB0E /* Build configuration list for PBXProject "UniVibe" */;
			compatibilityVersion = "Xcode 14.0";
			developmentRegion = en;
			hasScannedForEncodings = 0;
			knownRegions = (
				en,
				Base,
			);
			mainGroup = 19B3C2F02A8A9B8C00BEFB0E;
			packageReferences = (
				19561A512A9718F600F2877A /* XCRemoteSwiftPackageReference "LocationPickerForSwiftUI" */,
			);
			productRefGroup = 19B3C2FA2A8A9B8C00BEFB0E /* Products */;
			projectDirPath = "";
			projectRoot = "";
			targets = (
				19B3C2F82A8A9B8C00BEFB0E /* UniVibe */,
			);
		};
/* End PBXProject section */

/* Begin PBXResourcesBuildPhase section */
		19B3C2F72A8A9B8C00BEFB0E /* Resources */ = {
			isa = PBXResourcesBuildPhase;
			buildActionMask = 2147483647;
			files = (
				19B3C3042A8A9B8D00BEFB0E /* Preview Assets.xcassets in Resources */,
				19B3C3012A8A9B8D00BEFB0E /* Assets.xcassets in Resources */,
				190714862A8EFF8D004DAB04 /* GoogleService-Info.plist in Resources */,
			);
			runOnlyForDeploymentPostprocessing = 0;
		};
/* End PBXResourcesBuildPhase section */

/* Begin PBXShellScriptBuildPhase section */
		5D1CD0A2298DF8F55E786D95 /* [CP] Embed Pods Frameworks */ = {
			isa = PBXShellScriptBuildPhase;
			buildActionMask = 2147483647;
			files = (
			);
			inputFileListPaths = (
				"${PODS_ROOT}/Target Support Files/Pods-UniVibe/Pods-UniVibe-frameworks-${CONFIGURATION}-input-files.xcfilelist",
			);
			name = "[CP] Embed Pods Frameworks";
			outputFileListPaths = (
				"${PODS_ROOT}/Target Support Files/Pods-UniVibe/Pods-UniVibe-frameworks-${CONFIGURATION}-output-files.xcfilelist",
			);
			runOnlyForDeploymentPostprocessing = 0;
			shellPath = /bin/sh;
			shellScript = "\"${PODS_ROOT}/Target Support Files/Pods-UniVibe/Pods-UniVibe-frameworks.sh\"\n";
			showEnvVarsInLog = 0;
		};
		CEC3819699CE9D080CED9E13 /* [CP] Check Pods Manifest.lock */ = {
			isa = PBXShellScriptBuildPhase;
			buildActionMask = 2147483647;
			files = (
			);
			inputFileListPaths = (
			);
			inputPaths = (
				"${PODS_PODFILE_DIR_PATH}/Podfile.lock",
				"${PODS_ROOT}/Manifest.lock",
			);
			name = "[CP] Check Pods Manifest.lock";
			outputFileListPaths = (
			);
			outputPaths = (
				"$(DERIVED_FILE_DIR)/Pods-UniVibe-checkManifestLockResult.txt",
			);
			runOnlyForDeploymentPostprocessing = 0;
			shellPath = /bin/sh;
			shellScript = "diff \"${PODS_PODFILE_DIR_PATH}/Podfile.lock\" \"${PODS_ROOT}/Manifest.lock\" > /dev/null\nif [ $? != 0 ] ; then\n    # print error to STDERR\n    echo \"error: The sandbox is not in sync with the Podfile.lock. Run 'pod install' or update your CocoaPods installation.\" >&2\n    exit 1\nfi\n# This output is used by Xcode 'outputs' to avoid re-running this script phase.\necho \"SUCCESS\" > \"${SCRIPT_OUTPUT_FILE_0}\"\n";
			showEnvVarsInLog = 0;
		};
/* End PBXShellScriptBuildPhase section */

/* Begin PBXSourcesBuildPhase section */
		19B3C2F52A8A9B8C00BEFB0E /* Sources */ = {
			isa = PBXSourcesBuildPhase;
			buildActionMask = 2147483647;
			files = (
				192A8BA82A8B556F004F6302 /* MyTimeStringModifier.swift in Sources */,
				19A29BF42A8F5DE60042D6A2 /* FirestoreManager.swift in Sources */,
				19A29C082A90BC210042D6A2 /* MyTextFieldModifier.swift in Sources */,
				19D826292A8D5AFD0052AECA /* CreateEventView.swift in Sources */,
				19613C6F2A94365200280FDB /* ListOfAttendeesView.swift in Sources */,
				19A29C022A90BBB20042D6A2 /* LoginView.swift in Sources */,
				19A29C0C2A90BC5D0042D6A2 /* CompleteSignUpView.swift in Sources */,
				19613C5D2A92EDA900280FDB /* DataRepository.swift in Sources */,
				19A29BFE2A9086B20042D6A2 /* CommunityDataModel.swift in Sources */,
				19B3C3342A8AD5B200BEFB0E /* EditProfileView.swift in Sources */,
				19CC90DD2A91451100E98934 /* LoginViewModel.swift in Sources */,
				19D826272A8D4A180052AECA /* SearchResultItemProtocol.swift in Sources */,
				19A29C122A912E580042D6A2 /* RegistrationViewModel.swift in Sources */,
				19CC90F32A9173A900E98934 /* LogoOnTopMiddleView.swift in Sources */,
				19561A572A971E8500F2877A /* MyLocationPicker.swift in Sources */,
				19613C672A942A3200280FDB /* EventProfileViewModel.swift in Sources */,
				19A29BFA2A9072FA0042D6A2 /* ExploreViewModel.swift in Sources */,
				195ED3382A961EE500F26568 /* PlainStyledListView.swift in Sources */,
				192A8B9F2A8B4A1B004F6302 /* SettingsView.swift in Sources */,
				19CC90EB2A916ACB00E98934 /* SignUpView3Validator.swift in Sources */,
				19B3C2FF2A8A9B8C00BEFB0E /* ContentView.swift in Sources */,
				19A29BFC2A90822D0042D6A2 /* EventDataModel.swift in Sources */,
				19613C642A941E5F00280FDB /* StyledScrollableFullScreenView.swift in Sources */,
				192A8BB62A8C3CE2004F6302 /* CustomDenets.swift in Sources */,
				19B3C3282A8AA48C00BEFB0E /* Event.swift in Sources */,
				19CC90F12A91702B00E98934 /* LoginViewValidator.swift in Sources */,
				19613C692A942A4600280FDB /* UserProfileViewModel.swift in Sources */,
				19613C732A943F2800280FDB /* MapWithPinView.swift in Sources */,
				19B3C3182A8A9EBC00BEFB0E /* HomeView.swift in Sources */,
				19A29C0A2A90BC420042D6A2 /* SignUpView2.swift in Sources */,
				19CC90F62A9178D100E98934 /* StringExtensions.swift in Sources */,
				192A8BBF2A8C8F48004F6302 /* TitleAndBodyView.swift in Sources */,
				19613C602A93018B00280FDB /* FeedViewModel.swift in Sources */,
				19B3C2FD2A8A9B8C00BEFB0E /* UniVibeApp.swift in Sources */,
				192A8BAF2A8C304E004F6302 /* EventDateDetailsView.swift in Sources */,
				192A8BA22A8B5211004F6302 /* PastEventInGridView.swift in Sources */,
				19613C6B2A942A5400280FDB /* CommunityProfileViewModel.swift in Sources */,
				19A29C062A90BBEF0042D6A2 /* SignUpView1.swift in Sources */,
				19B3C3422A8AFF1700BEFB0E /* UserProfileView.swift in Sources */,
				192A8BB12A8C32C2004F6302 /* EventLocDetailsView.swift in Sources */,
				19B3C3242A8AA46900BEFB0E /* Community.swift in Sources */,
				19B3C30C2A8A9BC200BEFB0E /* MainTabView.swift in Sources */,
				19A29BF82A9071DC0042D6A2 /* UserDataModel.swift in Sources */,
				19B3C3452A8AFF4E00BEFB0E /* MyNavigationLinkModifier.swift in Sources */,
				192A8BAB2A8B5BE2004F6302 /* HorizontalEventGridView.swift in Sources */,
				19613C792A9491CF00280FDB /* ViewExtensions.swift in Sources */,
				19B3C3392A8AF67E00BEFB0E /* CommunityInListView.swift in Sources */,
				19D8262C2A8E0DA70052AECA /* CampusMapView.swift in Sources */,
				19B3C32A2A8AD37200BEFB0E /* CurrentUserProfile.swift in Sources */,
				19B3C3202A8AA44100BEFB0E /* User.swift in Sources */,
				192A8BBB2A8C4820004F6302 /* AttendeesDetailsView.swift in Sources */,
				19B3C3312A8AD54300BEFB0E /* ProfileStatView.swift in Sources */,
				19B3C3372A8AECD500BEFB0E /* SectionAndSelectionsView.swift in Sources */,
				19B3C3472A8B1C2000BEFB0E /* EventInListView.swift in Sources */,
				19CC90FA2A919BB900E98934 /* ActivityIndicatorModifier.swift in Sources */,
				19CC90E62A9158BE00E98934 /* SelectInterestsView.swift in Sources */,
				192A8B9C2A8B4214004F6302 /* EventProfileView.swift in Sources */,
				19B3C31E2A8A9EE200BEFB0E /* ChatView.swift in Sources */,
				19B3C33D2A8AF92C00BEFB0E /* CommunityListView.swift in Sources */,
				19613C582A91F70400280FDB /* MyDateFormaters.swift in Sources */,
				19D826242A8D42720052AECA /* UserInListView.swift in Sources */,
				19B3C3402A8AFF0800BEFB0E /* CommunityProfileView.swift in Sources */,
				19561A552A97194800F2877A /* MapPickerExampleView.swift in Sources */,
				19CC90DF2A914B7000E98934 /* SignUpView3.swift in Sources */,
				19A29BF62A8F60120042D6A2 /* CurrentUserViewModel.swift in Sources */,
				19613C622A9399D400280FDB /* EventListView.swift in Sources */,
				19561A502A96F1C600F2877A /* ChooseOrganizationView.swift in Sources */,
				192A8BA42A8B538C004F6302 /* TimeHelpers.swift in Sources */,
				19B3C31C2A8A9ED600BEFB0E /* FeedView.swift in Sources */,
				19B3C31A2A8A9EC600BEFB0E /* ExploreView.swift in Sources */,
				192A8BC22A8C957D004F6302 /* MembersDetailsView.swift in Sources */,
				19A29C102A90C8C70042D6A2 /* AuthService.swift in Sources */,
				19B3C3262A8AA47100BEFB0E /* Post.swift in Sources */,
				192A8BB82A8C4205004F6302 /* EventChatDetailsView.swift in Sources */,
				19CC90EF2A916D7F00E98934 /* SignUpView1Validator.swift in Sources */,
				19561A4E2A96F13700F2877A /* ChooseEventTypeView.swift in Sources */,
				19A29C142A912E6D0042D6A2 /* ContentViewModel.swift in Sources */,
				19CC90ED2A916B7900E98934 /* SignUpView2Validator.swift in Sources */,
			);
			runOnlyForDeploymentPostprocessing = 0;
		};
/* End PBXSourcesBuildPhase section */

/* Begin XCBuildConfiguration section */
		19B3C3052A8A9B8D00BEFB0E /* Debug */ = {
			isa = XCBuildConfiguration;
			buildSettings = {
				ALWAYS_SEARCH_USER_PATHS = NO;
				CLANG_ANALYZER_NONNULL = YES;
				CLANG_ANALYZER_NUMBER_OBJECT_CONVERSION = YES_AGGRESSIVE;
				CLANG_CXX_LANGUAGE_STANDARD = "gnu++20";
				CLANG_ENABLE_MODULES = YES;
				CLANG_ENABLE_OBJC_ARC = YES;
				CLANG_ENABLE_OBJC_WEAK = YES;
				CLANG_WARN_BLOCK_CAPTURE_AUTORELEASING = YES;
				CLANG_WARN_BOOL_CONVERSION = YES;
				CLANG_WARN_COMMA = YES;
				CLANG_WARN_CONSTANT_CONVERSION = YES;
				CLANG_WARN_DEPRECATED_OBJC_IMPLEMENTATIONS = YES;
				CLANG_WARN_DIRECT_OBJC_ISA_USAGE = YES_ERROR;
				CLANG_WARN_DOCUMENTATION_COMMENTS = YES;
				CLANG_WARN_EMPTY_BODY = YES;
				CLANG_WARN_ENUM_CONVERSION = YES;
				CLANG_WARN_INFINITE_RECURSION = YES;
				CLANG_WARN_INT_CONVERSION = YES;
				CLANG_WARN_NON_LITERAL_NULL_CONVERSION = YES;
				CLANG_WARN_OBJC_IMPLICIT_RETAIN_SELF = YES;
				CLANG_WARN_OBJC_LITERAL_CONVERSION = YES;
				CLANG_WARN_OBJC_ROOT_CLASS = YES_ERROR;
				CLANG_WARN_QUOTED_INCLUDE_IN_FRAMEWORK_HEADER = YES;
				CLANG_WARN_RANGE_LOOP_ANALYSIS = YES;
				CLANG_WARN_STRICT_PROTOTYPES = YES;
				CLANG_WARN_SUSPICIOUS_MOVE = YES;
				CLANG_WARN_UNGUARDED_AVAILABILITY = YES_AGGRESSIVE;
				CLANG_WARN_UNREACHABLE_CODE = YES;
				CLANG_WARN__DUPLICATE_METHOD_MATCH = YES;
				COPY_PHASE_STRIP = NO;
				DEBUG_INFORMATION_FORMAT = dwarf;
				ENABLE_STRICT_OBJC_MSGSEND = YES;
				ENABLE_TESTABILITY = YES;
				GCC_C_LANGUAGE_STANDARD = gnu11;
				GCC_DYNAMIC_NO_PIC = NO;
				GCC_NO_COMMON_BLOCKS = YES;
				GCC_OPTIMIZATION_LEVEL = 0;
				GCC_PREPROCESSOR_DEFINITIONS = (
					"DEBUG=1",
					"$(inherited)",
				);
				GCC_WARN_64_TO_32_BIT_CONVERSION = YES;
				GCC_WARN_ABOUT_RETURN_TYPE = YES_ERROR;
				GCC_WARN_UNDECLARED_SELECTOR = YES;
				GCC_WARN_UNINITIALIZED_AUTOS = YES_AGGRESSIVE;
				GCC_WARN_UNUSED_FUNCTION = YES;
				GCC_WARN_UNUSED_VARIABLE = YES;
				IPHONEOS_DEPLOYMENT_TARGET = 16.4;
				MTL_ENABLE_DEBUG_INFO = INCLUDE_SOURCE;
				MTL_FAST_MATH = YES;
				ONLY_ACTIVE_ARCH = YES;
				SDKROOT = iphoneos;
				SWIFT_ACTIVE_COMPILATION_CONDITIONS = DEBUG;
				SWIFT_OPTIMIZATION_LEVEL = "-Onone";
			};
			name = Debug;
		};
		19B3C3062A8A9B8D00BEFB0E /* Release */ = {
			isa = XCBuildConfiguration;
			buildSettings = {
				ALWAYS_SEARCH_USER_PATHS = NO;
				CLANG_ANALYZER_NONNULL = YES;
				CLANG_ANALYZER_NUMBER_OBJECT_CONVERSION = YES_AGGRESSIVE;
				CLANG_CXX_LANGUAGE_STANDARD = "gnu++20";
				CLANG_ENABLE_MODULES = YES;
				CLANG_ENABLE_OBJC_ARC = YES;
				CLANG_ENABLE_OBJC_WEAK = YES;
				CLANG_WARN_BLOCK_CAPTURE_AUTORELEASING = YES;
				CLANG_WARN_BOOL_CONVERSION = YES;
				CLANG_WARN_COMMA = YES;
				CLANG_WARN_CONSTANT_CONVERSION = YES;
				CLANG_WARN_DEPRECATED_OBJC_IMPLEMENTATIONS = YES;
				CLANG_WARN_DIRECT_OBJC_ISA_USAGE = YES_ERROR;
				CLANG_WARN_DOCUMENTATION_COMMENTS = YES;
				CLANG_WARN_EMPTY_BODY = YES;
				CLANG_WARN_ENUM_CONVERSION = YES;
				CLANG_WARN_INFINITE_RECURSION = YES;
				CLANG_WARN_INT_CONVERSION = YES;
				CLANG_WARN_NON_LITERAL_NULL_CONVERSION = YES;
				CLANG_WARN_OBJC_IMPLICIT_RETAIN_SELF = YES;
				CLANG_WARN_OBJC_LITERAL_CONVERSION = YES;
				CLANG_WARN_OBJC_ROOT_CLASS = YES_ERROR;
				CLANG_WARN_QUOTED_INCLUDE_IN_FRAMEWORK_HEADER = YES;
				CLANG_WARN_RANGE_LOOP_ANALYSIS = YES;
				CLANG_WARN_STRICT_PROTOTYPES = YES;
				CLANG_WARN_SUSPICIOUS_MOVE = YES;
				CLANG_WARN_UNGUARDED_AVAILABILITY = YES_AGGRESSIVE;
				CLANG_WARN_UNREACHABLE_CODE = YES;
				CLANG_WARN__DUPLICATE_METHOD_MATCH = YES;
				COPY_PHASE_STRIP = NO;
				DEBUG_INFORMATION_FORMAT = "dwarf-with-dsym";
				ENABLE_NS_ASSERTIONS = NO;
				ENABLE_STRICT_OBJC_MSGSEND = YES;
				GCC_C_LANGUAGE_STANDARD = gnu11;
				GCC_NO_COMMON_BLOCKS = YES;
				GCC_WARN_64_TO_32_BIT_CONVERSION = YES;
				GCC_WARN_ABOUT_RETURN_TYPE = YES_ERROR;
				GCC_WARN_UNDECLARED_SELECTOR = YES;
				GCC_WARN_UNINITIALIZED_AUTOS = YES_AGGRESSIVE;
				GCC_WARN_UNUSED_FUNCTION = YES;
				GCC_WARN_UNUSED_VARIABLE = YES;
				IPHONEOS_DEPLOYMENT_TARGET = 16.4;
				MTL_ENABLE_DEBUG_INFO = NO;
				MTL_FAST_MATH = YES;
				SDKROOT = iphoneos;
				SWIFT_COMPILATION_MODE = wholemodule;
				SWIFT_OPTIMIZATION_LEVEL = "-O";
				VALIDATE_PRODUCT = YES;
			};
			name = Release;
		};
		19B3C3082A8A9B8D00BEFB0E /* Debug */ = {
			isa = XCBuildConfiguration;
			baseConfigurationReference = F14FEC1EFA044D15086D3156 /* Pods-UniVibe.debug.xcconfig */;
			buildSettings = {
				ASSETCATALOG_COMPILER_APPICON_NAME = AppIcon;
				ASSETCATALOG_COMPILER_GLOBAL_ACCENT_COLOR_NAME = AccentColor;
				CODE_SIGN_STYLE = Automatic;
				CURRENT_PROJECT_VERSION = 1;
				DEVELOPMENT_ASSET_PATHS = "\"UniVibe/Preview Content\"";
				DEVELOPMENT_TEAM = ZYX99WH469;
				ENABLE_PREVIEWS = YES;
				GENERATE_INFOPLIST_FILE = YES;
				INFOPLIST_KEY_UIApplicationSceneManifest_Generation = YES;
				INFOPLIST_KEY_UIApplicationSupportsIndirectInputEvents = YES;
				INFOPLIST_KEY_UILaunchScreen_Generation = YES;
				INFOPLIST_KEY_UILaunchStoryboardName = c;
				INFOPLIST_KEY_UISupportedInterfaceOrientations_iPad = "UIInterfaceOrientationPortrait UIInterfaceOrientationPortraitUpsideDown UIInterfaceOrientationLandscapeLeft UIInterfaceOrientationLandscapeRight";
				INFOPLIST_KEY_UISupportedInterfaceOrientations_iPhone = "UIInterfaceOrientationPortrait UIInterfaceOrientationLandscapeLeft UIInterfaceOrientationLandscapeRight";
				LD_RUNPATH_SEARCH_PATHS = (
					"$(inherited)",
					"@executable_path/Frameworks",
				);
				MARKETING_VERSION = 1.0;
				PRODUCT_BUNDLE_IDENTIFIER = com.ta0a2000t.UniVibe;
				PRODUCT_NAME = "$(TARGET_NAME)";
				SWIFT_EMIT_LOC_STRINGS = YES;
				SWIFT_VERSION = 5.0;
				TARGETED_DEVICE_FAMILY = "1,2";
			};
			name = Debug;
		};
		19B3C3092A8A9B8D00BEFB0E /* Release */ = {
			isa = XCBuildConfiguration;
			baseConfigurationReference = 543313CC4B7DE60A99E04EA4 /* Pods-UniVibe.release.xcconfig */;
			buildSettings = {
				ASSETCATALOG_COMPILER_APPICON_NAME = AppIcon;
				ASSETCATALOG_COMPILER_GLOBAL_ACCENT_COLOR_NAME = AccentColor;
				CODE_SIGN_STYLE = Automatic;
				CURRENT_PROJECT_VERSION = 1;
				DEVELOPMENT_ASSET_PATHS = "\"UniVibe/Preview Content\"";
				DEVELOPMENT_TEAM = ZYX99WH469;
				ENABLE_PREVIEWS = YES;
				GENERATE_INFOPLIST_FILE = YES;
				INFOPLIST_KEY_UIApplicationSceneManifest_Generation = YES;
				INFOPLIST_KEY_UIApplicationSupportsIndirectInputEvents = YES;
				INFOPLIST_KEY_UILaunchScreen_Generation = YES;
				INFOPLIST_KEY_UILaunchStoryboardName = c;
				INFOPLIST_KEY_UISupportedInterfaceOrientations_iPad = "UIInterfaceOrientationPortrait UIInterfaceOrientationPortraitUpsideDown UIInterfaceOrientationLandscapeLeft UIInterfaceOrientationLandscapeRight";
				INFOPLIST_KEY_UISupportedInterfaceOrientations_iPhone = "UIInterfaceOrientationPortrait UIInterfaceOrientationLandscapeLeft UIInterfaceOrientationLandscapeRight";
				LD_RUNPATH_SEARCH_PATHS = (
					"$(inherited)",
					"@executable_path/Frameworks",
				);
				MARKETING_VERSION = 1.0;
				PRODUCT_BUNDLE_IDENTIFIER = com.ta0a2000t.UniVibe;
				PRODUCT_NAME = "$(TARGET_NAME)";
				SWIFT_EMIT_LOC_STRINGS = YES;
				SWIFT_VERSION = 5.0;
				TARGETED_DEVICE_FAMILY = "1,2";
			};
			name = Release;
		};
/* End XCBuildConfiguration section */

/* Begin XCConfigurationList section */
		19B3C2F42A8A9B8C00BEFB0E /* Build configuration list for PBXProject "UniVibe" */ = {
			isa = XCConfigurationList;
			buildConfigurations = (
				19B3C3052A8A9B8D00BEFB0E /* Debug */,
				19B3C3062A8A9B8D00BEFB0E /* Release */,
			);
			defaultConfigurationIsVisible = 0;
			defaultConfigurationName = Release;
		};
		19B3C3072A8A9B8D00BEFB0E /* Build configuration list for PBXNativeTarget "UniVibe" */ = {
			isa = XCConfigurationList;
			buildConfigurations = (
				19B3C3082A8A9B8D00BEFB0E /* Debug */,
				19B3C3092A8A9B8D00BEFB0E /* Release */,
			);
			defaultConfigurationIsVisible = 0;
			defaultConfigurationName = Release;
		};
/* End XCConfigurationList section */

/* Begin XCRemoteSwiftPackageReference section */
		19561A512A9718F600F2877A /* XCRemoteSwiftPackageReference "LocationPickerForSwiftUI" */ = {
			isa = XCRemoteSwiftPackageReference;
			repositoryURL = "https://github.com/alessiorubicini/LocationPickerForSwiftUI";
			requirement = {
				kind = upToNextMajorVersion;
				minimumVersion = 1.0.0;
			};
		};
/* End XCRemoteSwiftPackageReference section */

/* Begin XCSwiftPackageProductDependency section */
		19561A522A9718F600F2877A /* LocationPicker */ = {
			isa = XCSwiftPackageProductDependency;
			package = 19561A512A9718F600F2877A /* XCRemoteSwiftPackageReference "LocationPickerForSwiftUI" */;
			productName = LocationPicker;
		};
/* End XCSwiftPackageProductDependency section */
	};
	rootObject = 19B3C2F12A8A9B8C00BEFB0E /* Project object */;
}
